// !$*UTF8*$!
{
	archiveVersion = 1;
	classes = {
	};
	objectVersion = 51;
	objects = {

/* Begin PBXBuildFile section */
		F0213E3D258E849A0011460A /* Configure.swift in Sources */ = {isa = PBXBuildFile; fileRef = F0213E3C258E849A0011460A /* Configure.swift */; };
		F0213E41258E85340011460A /* DetailTableViewCell.swift in Sources */ = {isa = PBXBuildFile; fileRef = F0213E3F258E85340011460A /* DetailTableViewCell.swift */; };
		F0213E42258E85340011460A /* DetailTableViewCell.xib in Resources */ = {isa = PBXBuildFile; fileRef = F0213E40258E85340011460A /* DetailTableViewCell.xib */; };
		F0213E46258E85870011460A /* DaysTableViewCell.swift in Sources */ = {isa = PBXBuildFile; fileRef = F0213E44258E85870011460A /* DaysTableViewCell.swift */; };
		F0213E47258E85870011460A /* DaysTableViewCell.xib in Resources */ = {isa = PBXBuildFile; fileRef = F0213E45258E85870011460A /* DaysTableViewCell.xib */; };
		F0213E4E258E862F0011460A /* TableView.xib in Resources */ = {isa = PBXBuildFile; fileRef = F0213E4D258E862F0011460A /* TableView.xib */; };
		F0213E50258E86C30011460A /* TableView.swift in Sources */ = {isa = PBXBuildFile; fileRef = F0213E4F258E86C30011460A /* TableView.swift */; };
		F0213E52258E87340011460A /* CurrentView.xib in Resources */ = {isa = PBXBuildFile; fileRef = F0213E51258E87340011460A /* CurrentView.xib */; };
		F0213E56258E94B30011460A /* CurrentView.swift in Sources */ = {isa = PBXBuildFile; fileRef = F0213E55258E94B30011460A /* CurrentView.swift */; };
		F06D70E72588B181001CC2B5 /* AppDelegate.swift in Sources */ = {isa = PBXBuildFile; fileRef = F06D70E62588B181001CC2B5 /* AppDelegate.swift */; };
		F06D70E92588B181001CC2B5 /* SceneDelegate.swift in Sources */ = {isa = PBXBuildFile; fileRef = F06D70E82588B181001CC2B5 /* SceneDelegate.swift */; };
		F06D70EE2588B181001CC2B5 /* Main.storyboard in Resources */ = {isa = PBXBuildFile; fileRef = F06D70EC2588B181001CC2B5 /* Main.storyboard */; };
		F06D70F02588B183001CC2B5 /* Assets.xcassets in Resources */ = {isa = PBXBuildFile; fileRef = F06D70EF2588B183001CC2B5 /* Assets.xcassets */; };
		F06D70F32588B183001CC2B5 /* LaunchScreen.storyboard in Resources */ = {isa = PBXBuildFile; fileRef = F06D70F12588B183001CC2B5 /* LaunchScreen.storyboard */; };
		F06D71062588BA50001CC2B5 /* WeatherResponse.swift in Sources */ = {isa = PBXBuildFile; fileRef = F06D71052588BA50001CC2B5 /* WeatherResponse.swift */; };
		F06D71082588BB3A001CC2B5 /* Currently.swift in Sources */ = {isa = PBXBuildFile; fileRef = F06D71072588BB3A001CC2B5 /* Currently.swift */; };
		F06D710A2588BC4D001CC2B5 /* Hourly.swift in Sources */ = {isa = PBXBuildFile; fileRef = F06D71092588BC4D001CC2B5 /* Hourly.swift */; };
		F06D710C2588BCC5001CC2B5 /* HourlyWeatherData.swift in Sources */ = {isa = PBXBuildFile; fileRef = F06D710B2588BCC5001CC2B5 /* HourlyWeatherData.swift */; };
		F06D710E2588BD1B001CC2B5 /* Daily.swift in Sources */ = {isa = PBXBuildFile; fileRef = F06D710D2588BD1B001CC2B5 /* Daily.swift */; };
		F06D71102588BD83001CC2B5 /* DailyWeatherData.swift in Sources */ = {isa = PBXBuildFile; fileRef = F06D710F2588BD83001CC2B5 /* DailyWeatherData.swift */; };
		F06D71122588BED8001CC2B5 /* NetworkConstant.swift in Sources */ = {isa = PBXBuildFile; fileRef = F06D71112588BED8001CC2B5 /* NetworkConstant.swift */; };
		F06D71142588C08C001CC2B5 /* ServiceClient.swift in Sources */ = {isa = PBXBuildFile; fileRef = F06D71132588C08C001CC2B5 /* ServiceClient.swift */; };
		F06D71162588C2A5001CC2B5 /* WeatherRouter.swift in Sources */ = {isa = PBXBuildFile; fileRef = F06D71152588C2A5001CC2B5 /* WeatherRouter.swift */; };
		F06D71182588C452001CC2B5 /* WeatherClient.swift in Sources */ = {isa = PBXBuildFile; fileRef = F06D71172588C452001CC2B5 /* WeatherClient.swift */; };
		F06D711C2588C50B001CC2B5 /* MainViewController.swift in Sources */ = {isa = PBXBuildFile; fileRef = F06D711A2588C50B001CC2B5 /* MainViewController.swift */; };
		F06D711D2588C50B001CC2B5 /* MainViewController.xib in Resources */ = {isa = PBXBuildFile; fileRef = F06D711B2588C50B001CC2B5 /* MainViewController.xib */; };
		F06D71202588C72E001CC2B5 /* UIColor+Extensions.swift in Sources */ = {isa = PBXBuildFile; fileRef = F06D711F2588C72E001CC2B5 /* UIColor+Extensions.swift */; };
		F06D714225894046001CC2B5 /* CurrentWeatherViewModel.swift in Sources */ = {isa = PBXBuildFile; fileRef = F06D714125894046001CC2B5 /* CurrentWeatherViewModel.swift */; };
		F06D71442589435B001CC2B5 /* DateFormats.swift in Sources */ = {isa = PBXBuildFile; fileRef = F06D71432589435B001CC2B5 /* DateFormats.swift */; };
		F06D7146258943E2001CC2B5 /* AlertMessage.swift in Sources */ = {isa = PBXBuildFile; fileRef = F06D7145258943E2001CC2B5 /* AlertMessage.swift */; };
		F06D714825894611001CC2B5 /* LocationServices.swift in Sources */ = {isa = PBXBuildFile; fileRef = F06D714725894611001CC2B5 /* LocationServices.swift */; };
		F06D714A2589510B001CC2B5 /* ConfigureIcons.swift in Sources */ = {isa = PBXBuildFile; fileRef = F06D71492589510B001CC2B5 /* ConfigureIcons.swift */; };
		F06D714D258A241B001CC2B5 /* HourlyCollectionViewCell.swift in Sources */ = {isa = PBXBuildFile; fileRef = F06D714B258A241B001CC2B5 /* HourlyCollectionViewCell.swift */; };
		F06D714E258A241B001CC2B5 /* HourlyCollectionViewCell.xib in Resources */ = {isa = PBXBuildFile; fileRef = F06D714C258A241B001CC2B5 /* HourlyCollectionViewCell.xib */; };
		F06D7151258A257D001CC2B5 /* HourlyViewModel.swift in Sources */ = {isa = PBXBuildFile; fileRef = F06D7150258A257D001CC2B5 /* HourlyViewModel.swift */; };
		F097B86A258AB798004C1A16 /* SearchResultTableViewCell.swift in Sources */ = {isa = PBXBuildFile; fileRef = F097B868258AB798004C1A16 /* SearchResultTableViewCell.swift */; };
		F097B86B258AB798004C1A16 /* SearchResultTableViewCell.xib in Resources */ = {isa = PBXBuildFile; fileRef = F097B869258AB798004C1A16 /* SearchResultTableViewCell.xib */; };
		F097B86E258AB9EA004C1A16 /* City.swift in Sources */ = {isa = PBXBuildFile; fileRef = F097B86D258AB9EA004C1A16 /* City.swift */; };
		F097B872258ABA41004C1A16 /* CityTableViewCell.swift in Sources */ = {isa = PBXBuildFile; fileRef = F097B870258ABA41004C1A16 /* CityTableViewCell.swift */; };
		F097B873258ABA41004C1A16 /* CityTableViewCell.xib in Resources */ = {isa = PBXBuildFile; fileRef = F097B871258ABA41004C1A16 /* CityTableViewCell.xib */; };
		F0BE621E258B5FC10036C73F /* DocumentsCodes.swift in Sources */ = {isa = PBXBuildFile; fileRef = F0BE621D258B5FC10036C73F /* DocumentsCodes.swift */; };
		F0BE6221258B607B0036C73F /* Save.swift in Sources */ = {isa = PBXBuildFile; fileRef = F0BE6220258B607B0036C73F /* Save.swift */; };
		F0BE6223258B613A0036C73F /* Load.swift in Sources */ = {isa = PBXBuildFile; fileRef = F0BE6222258B613A0036C73F /* Load.swift */; };
		F0FA4BAF258AA582002CA8D2 /* MyFloatingPanelLayout.swift in Sources */ = {isa = PBXBuildFile; fileRef = F0FA4BAE258AA582002CA8D2 /* MyFloatingPanelLayout.swift */; };
		F0FA4BB1258AA656002CA8D2 /* FloatingPanel+Extension.swift in Sources */ = {isa = PBXBuildFile; fileRef = F0FA4BB0258AA656002CA8D2 /* FloatingPanel+Extension.swift */; };
		F0FA4BB3258AA7B9002CA8D2 /* SetFloatingPanel.swift in Sources */ = {isa = PBXBuildFile; fileRef = F0FA4BB2258AA7B9002CA8D2 /* SetFloatingPanel.swift */; };
		F0FA4BB7258AA8C7002CA8D2 /* ContentViewController.swift in Sources */ = {isa = PBXBuildFile; fileRef = F0FA4BB5258AA8C7002CA8D2 /* ContentViewController.swift */; };
		F0FA4BB8258AA8C7002CA8D2 /* ContentViewController.xib in Resources */ = {isa = PBXBuildFile; fileRef = F0FA4BB6258AA8C7002CA8D2 /* ContentViewController.xib */; };
		F72217E9D8FE932FF1216423 /* Pods_Weather.framework in Frameworks */ = {isa = PBXBuildFile; fileRef = 8A96EB08D63BB2DF3693A89F /* Pods_Weather.framework */; };
/* End PBXBuildFile section */

/* Begin PBXFileReference section */
		2DAEF5123DFA6ABC717EC38D /* Pods-Weather.debug.xcconfig */ = {isa = PBXFileReference; includeInIndex = 1; lastKnownFileType = text.xcconfig; name = "Pods-Weather.debug.xcconfig"; path = "Target Support Files/Pods-Weather/Pods-Weather.debug.xcconfig"; sourceTree = "<group>"; };
		32FDF6B334EAB9B0F2378549 /* Pods-Weather.release.xcconfig */ = {isa = PBXFileReference; includeInIndex = 1; lastKnownFileType = text.xcconfig; name = "Pods-Weather.release.xcconfig"; path = "Target Support Files/Pods-Weather/Pods-Weather.release.xcconfig"; sourceTree = "<group>"; };
		8A96EB08D63BB2DF3693A89F /* Pods_Weather.framework */ = {isa = PBXFileReference; explicitFileType = wrapper.framework; includeInIndex = 0; path = Pods_Weather.framework; sourceTree = BUILT_PRODUCTS_DIR; };
		F0213E3C258E849A0011460A /* Configure.swift */ = {isa = PBXFileReference; lastKnownFileType = sourcecode.swift; path = Configure.swift; sourceTree = "<group>"; };
		F0213E3F258E85340011460A /* DetailTableViewCell.swift */ = {isa = PBXFileReference; lastKnownFileType = sourcecode.swift; path = DetailTableViewCell.swift; sourceTree = "<group>"; };
		F0213E40258E85340011460A /* DetailTableViewCell.xib */ = {isa = PBXFileReference; lastKnownFileType = file.xib; path = DetailTableViewCell.xib; sourceTree = "<group>"; };
		F0213E44258E85870011460A /* DaysTableViewCell.swift */ = {isa = PBXFileReference; lastKnownFileType = sourcecode.swift; path = DaysTableViewCell.swift; sourceTree = "<group>"; };
		F0213E45258E85870011460A /* DaysTableViewCell.xib */ = {isa = PBXFileReference; lastKnownFileType = file.xib; path = DaysTableViewCell.xib; sourceTree = "<group>"; };
		F0213E4D258E862F0011460A /* TableView.xib */ = {isa = PBXFileReference; lastKnownFileType = file.xib; path = TableView.xib; sourceTree = "<group>"; };
		F0213E4F258E86C30011460A /* TableView.swift */ = {isa = PBXFileReference; lastKnownFileType = sourcecode.swift; path = TableView.swift; sourceTree = "<group>"; };
		F0213E51258E87340011460A /* CurrentView.xib */ = {isa = PBXFileReference; lastKnownFileType = file.xib; path = CurrentView.xib; sourceTree = "<group>"; };
		F0213E55258E94B30011460A /* CurrentView.swift */ = {isa = PBXFileReference; lastKnownFileType = sourcecode.swift; path = CurrentView.swift; sourceTree = "<group>"; };
		F06D70E32588B181001CC2B5 /* Weather.app */ = {isa = PBXFileReference; explicitFileType = wrapper.application; includeInIndex = 0; path = Weather.app; sourceTree = BUILT_PRODUCTS_DIR; };
		F06D70E62588B181001CC2B5 /* AppDelegate.swift */ = {isa = PBXFileReference; lastKnownFileType = sourcecode.swift; path = AppDelegate.swift; sourceTree = "<group>"; };
		F06D70E82588B181001CC2B5 /* SceneDelegate.swift */ = {isa = PBXFileReference; lastKnownFileType = sourcecode.swift; path = SceneDelegate.swift; sourceTree = "<group>"; };
		F06D70ED2588B181001CC2B5 /* Base */ = {isa = PBXFileReference; lastKnownFileType = file.storyboard; name = Base; path = Base.lproj/Main.storyboard; sourceTree = "<group>"; };
		F06D70EF2588B183001CC2B5 /* Assets.xcassets */ = {isa = PBXFileReference; lastKnownFileType = folder.assetcatalog; path = Assets.xcassets; sourceTree = "<group>"; };
		F06D70F22588B183001CC2B5 /* Base */ = {isa = PBXFileReference; lastKnownFileType = file.storyboard; name = Base; path = Base.lproj/LaunchScreen.storyboard; sourceTree = "<group>"; };
		F06D70F42588B183001CC2B5 /* Info.plist */ = {isa = PBXFileReference; lastKnownFileType = text.plist.xml; path = Info.plist; sourceTree = "<group>"; };
		F06D71052588BA50001CC2B5 /* WeatherResponse.swift */ = {isa = PBXFileReference; lastKnownFileType = sourcecode.swift; path = WeatherResponse.swift; sourceTree = "<group>"; };
		F06D71072588BB3A001CC2B5 /* Currently.swift */ = {isa = PBXFileReference; lastKnownFileType = sourcecode.swift; path = Currently.swift; sourceTree = "<group>"; };
		F06D71092588BC4D001CC2B5 /* Hourly.swift */ = {isa = PBXFileReference; lastKnownFileType = sourcecode.swift; path = Hourly.swift; sourceTree = "<group>"; };
		F06D710B2588BCC5001CC2B5 /* HourlyWeatherData.swift */ = {isa = PBXFileReference; lastKnownFileType = sourcecode.swift; path = HourlyWeatherData.swift; sourceTree = "<group>"; };
		F06D710D2588BD1B001CC2B5 /* Daily.swift */ = {isa = PBXFileReference; lastKnownFileType = sourcecode.swift; path = Daily.swift; sourceTree = "<group>"; };
		F06D710F2588BD83001CC2B5 /* DailyWeatherData.swift */ = {isa = PBXFileReference; lastKnownFileType = sourcecode.swift; path = DailyWeatherData.swift; sourceTree = "<group>"; };
		F06D71112588BED8001CC2B5 /* NetworkConstant.swift */ = {isa = PBXFileReference; lastKnownFileType = sourcecode.swift; path = NetworkConstant.swift; sourceTree = "<group>"; };
		F06D71132588C08C001CC2B5 /* ServiceClient.swift */ = {isa = PBXFileReference; lastKnownFileType = sourcecode.swift; path = ServiceClient.swift; sourceTree = "<group>"; };
		F06D71152588C2A5001CC2B5 /* WeatherRouter.swift */ = {isa = PBXFileReference; lastKnownFileType = sourcecode.swift; path = WeatherRouter.swift; sourceTree = "<group>"; };
		F06D71172588C452001CC2B5 /* WeatherClient.swift */ = {isa = PBXFileReference; lastKnownFileType = sourcecode.swift; path = WeatherClient.swift; sourceTree = "<group>"; };
		F06D711A2588C50B001CC2B5 /* MainViewController.swift */ = {isa = PBXFileReference; lastKnownFileType = sourcecode.swift; path = MainViewController.swift; sourceTree = "<group>"; };
		F06D711B2588C50B001CC2B5 /* MainViewController.xib */ = {isa = PBXFileReference; lastKnownFileType = file.xib; path = MainViewController.xib; sourceTree = "<group>"; };
		F06D711F2588C72E001CC2B5 /* UIColor+Extensions.swift */ = {isa = PBXFileReference; lastKnownFileType = sourcecode.swift; path = "UIColor+Extensions.swift"; sourceTree = "<group>"; };
		F06D714125894046001CC2B5 /* CurrentWeatherViewModel.swift */ = {isa = PBXFileReference; lastKnownFileType = sourcecode.swift; path = CurrentWeatherViewModel.swift; sourceTree = "<group>"; };
		F06D71432589435B001CC2B5 /* DateFormats.swift */ = {isa = PBXFileReference; lastKnownFileType = sourcecode.swift; path = DateFormats.swift; sourceTree = "<group>"; };
		F06D7145258943E2001CC2B5 /* AlertMessage.swift */ = {isa = PBXFileReference; lastKnownFileType = sourcecode.swift; path = AlertMessage.swift; sourceTree = "<group>"; };
		F06D714725894611001CC2B5 /* LocationServices.swift */ = {isa = PBXFileReference; lastKnownFileType = sourcecode.swift; path = LocationServices.swift; sourceTree = "<group>"; };
		F06D71492589510B001CC2B5 /* ConfigureIcons.swift */ = {isa = PBXFileReference; lastKnownFileType = sourcecode.swift; path = ConfigureIcons.swift; sourceTree = "<group>"; };
		F06D714B258A241B001CC2B5 /* HourlyCollectionViewCell.swift */ = {isa = PBXFileReference; lastKnownFileType = sourcecode.swift; path = HourlyCollectionViewCell.swift; sourceTree = "<group>"; };
		F06D714C258A241B001CC2B5 /* HourlyCollectionViewCell.xib */ = {isa = PBXFileReference; lastKnownFileType = file.xib; path = HourlyCollectionViewCell.xib; sourceTree = "<group>"; };
		F06D7150258A257D001CC2B5 /* HourlyViewModel.swift */ = {isa = PBXFileReference; lastKnownFileType = sourcecode.swift; path = HourlyViewModel.swift; sourceTree = "<group>"; };
		F097B868258AB798004C1A16 /* SearchResultTableViewCell.swift */ = {isa = PBXFileReference; lastKnownFileType = sourcecode.swift; path = SearchResultTableViewCell.swift; sourceTree = "<group>"; };
		F097B869258AB798004C1A16 /* SearchResultTableViewCell.xib */ = {isa = PBXFileReference; lastKnownFileType = file.xib; path = SearchResultTableViewCell.xib; sourceTree = "<group>"; };
		F097B86D258AB9EA004C1A16 /* City.swift */ = {isa = PBXFileReference; lastKnownFileType = sourcecode.swift; path = City.swift; sourceTree = "<group>"; };
		F097B870258ABA41004C1A16 /* CityTableViewCell.swift */ = {isa = PBXFileReference; lastKnownFileType = sourcecode.swift; path = CityTableViewCell.swift; sourceTree = "<group>"; };
		F097B871258ABA41004C1A16 /* CityTableViewCell.xib */ = {isa = PBXFileReference; lastKnownFileType = file.xib; path = CityTableViewCell.xib; sourceTree = "<group>"; };
		F0BE621D258B5FC10036C73F /* DocumentsCodes.swift */ = {isa = PBXFileReference; lastKnownFileType = sourcecode.swift; path = DocumentsCodes.swift; sourceTree = "<group>"; };
		F0BE6220258B607B0036C73F /* Save.swift */ = {isa = PBXFileReference; lastKnownFileType = sourcecode.swift; path = Save.swift; sourceTree = "<group>"; };
		F0BE6222258B613A0036C73F /* Load.swift */ = {isa = PBXFileReference; lastKnownFileType = sourcecode.swift; path = Load.swift; sourceTree = "<group>"; };
		F0FA4BAE258AA582002CA8D2 /* MyFloatingPanelLayout.swift */ = {isa = PBXFileReference; lastKnownFileType = sourcecode.swift; path = MyFloatingPanelLayout.swift; sourceTree = "<group>"; };
		F0FA4BB0258AA656002CA8D2 /* FloatingPanel+Extension.swift */ = {isa = PBXFileReference; lastKnownFileType = sourcecode.swift; path = "FloatingPanel+Extension.swift"; sourceTree = "<group>"; };
		F0FA4BB2258AA7B9002CA8D2 /* SetFloatingPanel.swift */ = {isa = PBXFileReference; lastKnownFileType = sourcecode.swift; path = SetFloatingPanel.swift; sourceTree = "<group>"; };
		F0FA4BB5258AA8C7002CA8D2 /* ContentViewController.swift */ = {isa = PBXFileReference; lastKnownFileType = sourcecode.swift; path = ContentViewController.swift; sourceTree = "<group>"; };
		F0FA4BB6258AA8C7002CA8D2 /* ContentViewController.xib */ = {isa = PBXFileReference; lastKnownFileType = file.xib; path = ContentViewController.xib; sourceTree = "<group>"; };
/* End PBXFileReference section */

/* Begin PBXFrameworksBuildPhase section */
		F06D70E02588B181001CC2B5 /* Frameworks */ = {
			isa = PBXFrameworksBuildPhase;
			buildActionMask = 2147483647;
			files = (
				F72217E9D8FE932FF1216423 /* Pods_Weather.framework in Frameworks */,
			);
			runOnlyForDeploymentPostprocessing = 0;
		};
/* End PBXFrameworksBuildPhase section */

/* Begin PBXGroup section */
		1653125AB94AE1DB669A19C6 /* Frameworks */ = {
			isa = PBXGroup;
			children = (
				8A96EB08D63BB2DF3693A89F /* Pods_Weather.framework */,
			);
			name = Frameworks;
			sourceTree = "<group>";
		};
		7A6C6FB1192CD1CADB8C665F /* Pods */ = {
			isa = PBXGroup;
			children = (
				2DAEF5123DFA6ABC717EC38D /* Pods-Weather.debug.xcconfig */,
				32FDF6B334EAB9B0F2378549 /* Pods-Weather.release.xcconfig */,
			);
			path = Pods;
			sourceTree = "<group>";
		};
		F0213E3B258E84710011460A /* Configure ScrollView Views */ = {
			isa = PBXGroup;
			children = (
				F0213E3C258E849A0011460A /* Configure.swift */,
			);
			path = "Configure ScrollView Views";
			sourceTree = "<group>";
		};
		F0213E3E258E85050011460A /* DetailTableVİewCell */ = {
			isa = PBXGroup;
			children = (
				F0213E3F258E85340011460A /* DetailTableViewCell.swift */,
				F0213E40258E85340011460A /* DetailTableViewCell.xib */,
			);
			name = "DetailTableVİewCell";
			path = "DetailTableVİewCell";
			sourceTree = "<group>";
		};
		F0213E43258E856B0011460A /* DaysTableViewCell */ = {
			isa = PBXGroup;
			children = (
				F0213E44258E85870011460A /* DaysTableViewCell.swift */,
				F0213E45258E85870011460A /* DaysTableViewCell.xib */,
			);
			path = DaysTableViewCell;
			sourceTree = "<group>";
		};
		F0213E49258E85EC0011460A /* Cells */ = {
			isa = PBXGroup;
			children = (
				F0213E43258E856B0011460A /* DaysTableViewCell */,
				F0213E3E258E85050011460A /* DetailTableVİewCell */,
				F097B86F258ABA21004C1A16 /* CityTableViewCell */,
				F097B867258AB771004C1A16 /* SearchResultTableViewCell */,
				F06D714F258A241F001CC2B5 /* HourlyCollectionViewCell */,
			);
			path = Cells;
			sourceTree = "<group>";
		};
		F0213E4A258E85F50011460A /* Views */ = {
			isa = PBXGroup;
			children = (
				F0213E4C258E86110011460A /* Detail and Daily Weather View */,
				F0213E4B258E85FC0011460A /* Current Weather View  */,
			);
			path = Views;
			sourceTree = "<group>";
		};
		F0213E4B258E85FC0011460A /* Current Weather View  */ = {
			isa = PBXGroup;
			children = (
				F0213E51258E87340011460A /* CurrentView.xib */,
				F0213E55258E94B30011460A /* CurrentView.swift */,
			);
			path = "Current Weather View ";
			sourceTree = "<group>";
		};
		F0213E4C258E86110011460A /* Detail and Daily Weather View */ = {
			isa = PBXGroup;
			children = (
				F0213E4D258E862F0011460A /* TableView.xib */,
				F0213E4F258E86C30011460A /* TableView.swift */,
			);
			path = "Detail and Daily Weather View";
			sourceTree = "<group>";
		};
		F06D70DA2588B181001CC2B5 = {
			isa = PBXGroup;
			children = (
				F06D70E52588B181001CC2B5 /* Weather */,
				F06D70E42588B181001CC2B5 /* Products */,
				7A6C6FB1192CD1CADB8C665F /* Pods */,
				1653125AB94AE1DB669A19C6 /* Frameworks */,
			);
			sourceTree = "<group>";
		};
		F06D70E42588B181001CC2B5 /* Products */ = {
			isa = PBXGroup;
			children = (
				F06D70E32588B181001CC2B5 /* Weather.app */,
			);
			name = Products;
			sourceTree = "<group>";
		};
		F06D70E52588B181001CC2B5 /* Weather */ = {
			isa = PBXGroup;
			children = (
				F06D70F42588B183001CC2B5 /* Info.plist */,
				F06D70FA2588B1B6001CC2B5 /* App */,
				F06D71012588B5AE001CC2B5 /* Helpers */,
				F06D70FF2588B574001CC2B5 /* Models */,
				F06D71002588B57D001CC2B5 /* Network */,
				F06D70FE2588B563001CC2B5 /* View Controllers */,
				F06D71032588B5C6001CC2B5 /* View Models */,
				F06D70FB2588B1D1001CC2B5 /* View Utilities */,
				F06D71022588B5BE001CC2B5 /* Views */,
			);
			path = Weather;
			sourceTree = "<group>";
		};
		F06D70FA2588B1B6001CC2B5 /* App */ = {
			isa = PBXGroup;
			children = (
				F06D70E62588B181001CC2B5 /* AppDelegate.swift */,
				F06D70E82588B181001CC2B5 /* SceneDelegate.swift */,
			);
			path = App;
			sourceTree = "<group>";
		};
		F06D70FB2588B1D1001CC2B5 /* View Utilities */ = {
			isa = PBXGroup;
			children = (
				F06D70EC2588B181001CC2B5 /* Main.storyboard */,
				F06D70EF2588B183001CC2B5 /* Assets.xcassets */,
				F06D70F12588B183001CC2B5 /* LaunchScreen.storyboard */,
			);
			path = "View Utilities";
			sourceTree = "<group>";
		};
		F06D70FE2588B563001CC2B5 /* View Controllers */ = {
			isa = PBXGroup;
			children = (
				F0FA4BB4258AA8AC002CA8D2 /* ContentViewController */,
				F06D71192588C4ED001CC2B5 /* MainViewController */,
			);
			path = "View Controllers";
			sourceTree = "<group>";
		};
		F06D70FF2588B574001CC2B5 /* Models */ = {
			isa = PBXGroup;
			children = (
				F097B86C258AB9D6004C1A16 /* City Model */,
				F06D71042588BA2B001CC2B5 /* Weather Model */,
			);
			path = Models;
			sourceTree = "<group>";
		};
		F06D71002588B57D001CC2B5 /* Network */ = {
			isa = PBXGroup;
			children = (
				F06D71112588BED8001CC2B5 /* NetworkConstant.swift */,
				F06D71132588C08C001CC2B5 /* ServiceClient.swift */,
				F06D71152588C2A5001CC2B5 /* WeatherRouter.swift */,
				F06D71172588C452001CC2B5 /* WeatherClient.swift */,
			);
			path = Network;
			sourceTree = "<group>";
		};
		F06D71012588B5AE001CC2B5 /* Helpers */ = {
			isa = PBXGroup;
			children = (
				F0213E3B258E84710011460A /* Configure ScrollView Views */,
				F0BE621F258B605D0036C73F /* Save and Load Helper */,
				F0BE621C258B5E6A0036C73F /* Documents Helper */,
				F06D71432589435B001CC2B5 /* DateFormats.swift */,
				F06D7145258943E2001CC2B5 /* AlertMessage.swift */,
				F06D714725894611001CC2B5 /* LocationServices.swift */,
				F06D71492589510B001CC2B5 /* ConfigureIcons.swift */,
				F0BE621B258B5E460036C73F /* FloatingPanel Helper */,
				F0BE621A258B5E320036C73F /* Extensions */,
			);
			path = Helpers;
			sourceTree = "<group>";
		};
		F06D71022588B5BE001CC2B5 /* Views */ = {
			isa = PBXGroup;
			children = (
				F0213E4A258E85F50011460A /* Views */,
				F0213E49258E85EC0011460A /* Cells */,
			);
			path = Views;
			sourceTree = "<group>";
		};
		F06D71032588B5C6001CC2B5 /* View Models */ = {
			isa = PBXGroup;
			children = (
				F06D714125894046001CC2B5 /* CurrentWeatherViewModel.swift */,
				F06D7150258A257D001CC2B5 /* HourlyViewModel.swift */,
			);
			path = "View Models";
			sourceTree = "<group>";
		};
		F06D71042588BA2B001CC2B5 /* Weather Model */ = {
			isa = PBXGroup;
			children = (
				F06D71052588BA50001CC2B5 /* WeatherResponse.swift */,
				F06D71072588BB3A001CC2B5 /* Currently.swift */,
				F06D71092588BC4D001CC2B5 /* Hourly.swift */,
				F06D710B2588BCC5001CC2B5 /* HourlyWeatherData.swift */,
				F06D710D2588BD1B001CC2B5 /* Daily.swift */,
				F06D710F2588BD83001CC2B5 /* DailyWeatherData.swift */,
			);
			path = "Weather Model";
			sourceTree = "<group>";
		};
		F06D71192588C4ED001CC2B5 /* MainViewController */ = {
			isa = PBXGroup;
			children = (
				F06D711A2588C50B001CC2B5 /* MainViewController.swift */,
				F06D711B2588C50B001CC2B5 /* MainViewController.xib */,
			);
			path = MainViewController;
			sourceTree = "<group>";
		};
		F06D714F258A241F001CC2B5 /* HourlyCollectionViewCell */ = {
			isa = PBXGroup;
			children = (
				F06D714B258A241B001CC2B5 /* HourlyCollectionViewCell.swift */,
				F06D714C258A241B001CC2B5 /* HourlyCollectionViewCell.xib */,
			);
			path = HourlyCollectionViewCell;
			sourceTree = "<group>";
		};
		F097B867258AB771004C1A16 /* SearchResultTableViewCell */ = {
			isa = PBXGroup;
			children = (
				F097B868258AB798004C1A16 /* SearchResultTableViewCell.swift */,
				F097B869258AB798004C1A16 /* SearchResultTableViewCell.xib */,
			);
			path = SearchResultTableViewCell;
			sourceTree = "<group>";
		};
		F097B86C258AB9D6004C1A16 /* City Model */ = {
			isa = PBXGroup;
			children = (
				F097B86D258AB9EA004C1A16 /* City.swift */,
			);
			path = "City Model";
			sourceTree = "<group>";
		};
		F097B86F258ABA21004C1A16 /* CityTableViewCell */ = {
			isa = PBXGroup;
			children = (
				F097B870258ABA41004C1A16 /* CityTableViewCell.swift */,
				F097B871258ABA41004C1A16 /* CityTableViewCell.xib */,
			);
			path = CityTableViewCell;
			sourceTree = "<group>";
		};
		F0BE621A258B5E320036C73F /* Extensions */ = {
			isa = PBXGroup;
			children = (
				F06D711F2588C72E001CC2B5 /* UIColor+Extensions.swift */,
				F0FA4BB0258AA656002CA8D2 /* FloatingPanel+Extension.swift */,
			);
			path = Extensions;
			sourceTree = "<group>";
		};
		F0BE621B258B5E460036C73F /* FloatingPanel Helper */ = {
			isa = PBXGroup;
			children = (
				F0FA4BAE258AA582002CA8D2 /* MyFloatingPanelLayout.swift */,
				F0FA4BB2258AA7B9002CA8D2 /* SetFloatingPanel.swift */,
			);
			path = "FloatingPanel Helper";
			sourceTree = "<group>";
		};
		F0BE621C258B5E6A0036C73F /* Documents Helper */ = {
			isa = PBXGroup;
			children = (
				F0BE621D258B5FC10036C73F /* DocumentsCodes.swift */,
			);
			path = "Documents Helper";
			sourceTree = "<group>";
		};
		F0BE621F258B605D0036C73F /* Save and Load Helper */ = {
			isa = PBXGroup;
			children = (
				F0BE6220258B607B0036C73F /* Save.swift */,
				F0BE6222258B613A0036C73F /* Load.swift */,
			);
			path = "Save and Load Helper";
			sourceTree = "<group>";
		};
		F0FA4BB4258AA8AC002CA8D2 /* ContentViewController */ = {
			isa = PBXGroup;
			children = (
				F0FA4BB5258AA8C7002CA8D2 /* ContentViewController.swift */,
				F0FA4BB6258AA8C7002CA8D2 /* ContentViewController.xib */,
			);
			path = ContentViewController;
			sourceTree = "<group>";
		};
/* End PBXGroup section */

/* Begin PBXNativeTarget section */
		F06D70E22588B181001CC2B5 /* Weather */ = {
			isa = PBXNativeTarget;
			buildConfigurationList = F06D70F72588B183001CC2B5 /* Build configuration list for PBXNativeTarget "Weather" */;
			buildPhases = (
				339E0B0E67E62A2F396038C3 /* [CP] Check Pods Manifest.lock */,
				F06D70DF2588B181001CC2B5 /* Sources */,
				F06D70E02588B181001CC2B5 /* Frameworks */,
				F06D70E12588B181001CC2B5 /* Resources */,
				6AE9999700A4FD9E1B79D11F /* [CP] Embed Pods Frameworks */,
			);
			buildRules = (
			);
			dependencies = (
			);
			name = Weather;
			productName = Weather;
			productReference = F06D70E32588B181001CC2B5 /* Weather.app */;
			productType = "com.apple.product-type.application";
		};
/* End PBXNativeTarget section */

/* Begin PBXProject section */
		F06D70DB2588B181001CC2B5 /* Project object */ = {
			isa = PBXProject;
			attributes = {
				LastSwiftUpdateCheck = 1170;
				LastUpgradeCheck = 1170;
				ORGANIZATIONNAME = Mehmet;
				TargetAttributes = {
					F06D70E22588B181001CC2B5 = {
						CreatedOnToolsVersion = 11.7;
					};
				};
			};
			buildConfigurationList = F06D70DE2588B181001CC2B5 /* Build configuration list for PBXProject "Weather" */;
			compatibilityVersion = "Xcode 9.3";
			developmentRegion = en;
			hasScannedForEncodings = 0;
			knownRegions = (
				en,
				Base,
			);
			mainGroup = F06D70DA2588B181001CC2B5;
			productRefGroup = F06D70E42588B181001CC2B5 /* Products */;
			projectDirPath = "";
			projectRoot = "";
			targets = (
				F06D70E22588B181001CC2B5 /* Weather */,
			);
		};
/* End PBXProject section */

/* Begin PBXResourcesBuildPhase section */
		F06D70E12588B181001CC2B5 /* Resources */ = {
			isa = PBXResourcesBuildPhase;
			buildActionMask = 2147483647;
			files = (
				F06D70F32588B183001CC2B5 /* LaunchScreen.storyboard in Resources */,
				F0213E42258E85340011460A /* DetailTableViewCell.xib in Resources */,
				F06D70F02588B183001CC2B5 /* Assets.xcassets in Resources */,
				F0213E4E258E862F0011460A /* TableView.xib in Resources */,
				F097B873258ABA41004C1A16 /* CityTableViewCell.xib in Resources */,
				F0213E47258E85870011460A /* DaysTableViewCell.xib in Resources */,
				F0FA4BB8258AA8C7002CA8D2 /* ContentViewController.xib in Resources */,
				F06D70EE2588B181001CC2B5 /* Main.storyboard in Resources */,
				F097B86B258AB798004C1A16 /* SearchResultTableViewCell.xib in Resources */,
				F06D711D2588C50B001CC2B5 /* MainViewController.xib in Resources */,
				F0213E52258E87340011460A /* CurrentView.xib in Resources */,
				F06D714E258A241B001CC2B5 /* HourlyCollectionViewCell.xib in Resources */,
			);
			runOnlyForDeploymentPostprocessing = 0;
		};
/* End PBXResourcesBuildPhase section */

/* Begin PBXShellScriptBuildPhase section */
		339E0B0E67E62A2F396038C3 /* [CP] Check Pods Manifest.lock */ = {
			isa = PBXShellScriptBuildPhase;
			buildActionMask = 2147483647;
			files = (
			);
			inputFileListPaths = (
			);
			inputPaths = (
				"${PODS_PODFILE_DIR_PATH}/Podfile.lock",
				"${PODS_ROOT}/Manifest.lock",
			);
			name = "[CP] Check Pods Manifest.lock";
			outputFileListPaths = (
			);
			outputPaths = (
				"$(DERIVED_FILE_DIR)/Pods-Weather-checkManifestLockResult.txt",
			);
			runOnlyForDeploymentPostprocessing = 0;
			shellPath = /bin/sh;
			shellScript = "diff \"${PODS_PODFILE_DIR_PATH}/Podfile.lock\" \"${PODS_ROOT}/Manifest.lock\" > /dev/null\nif [ $? != 0 ] ; then\n    # print error to STDERR\n    echo \"error: The sandbox is not in sync with the Podfile.lock. Run 'pod install' or update your CocoaPods installation.\" >&2\n    exit 1\nfi\n# This output is used by Xcode 'outputs' to avoid re-running this script phase.\necho \"SUCCESS\" > \"${SCRIPT_OUTPUT_FILE_0}\"\n";
			showEnvVarsInLog = 0;
		};
		6AE9999700A4FD9E1B79D11F /* [CP] Embed Pods Frameworks */ = {
			isa = PBXShellScriptBuildPhase;
			buildActionMask = 2147483647;
			files = (
			);
			inputFileListPaths = (
				"${PODS_ROOT}/Target Support Files/Pods-Weather/Pods-Weather-frameworks-${CONFIGURATION}-input-files.xcfilelist",
			);
			name = "[CP] Embed Pods Frameworks";
			outputFileListPaths = (
				"${PODS_ROOT}/Target Support Files/Pods-Weather/Pods-Weather-frameworks-${CONFIGURATION}-output-files.xcfilelist",
			);
			runOnlyForDeploymentPostprocessing = 0;
			shellPath = /bin/sh;
			shellScript = "\"${PODS_ROOT}/Target Support Files/Pods-Weather/Pods-Weather-frameworks.sh\"\n";
			showEnvVarsInLog = 0;
		};
/* End PBXShellScriptBuildPhase section */

/* Begin PBXSourcesBuildPhase section */
		F06D70DF2588B181001CC2B5 /* Sources */ = {
			isa = PBXSourcesBuildPhase;
			buildActionMask = 2147483647;
			files = (
				F06D71142588C08C001CC2B5 /* ServiceClient.swift in Sources */,
				F06D711C2588C50B001CC2B5 /* MainViewController.swift in Sources */,
				F097B86E258AB9EA004C1A16 /* City.swift in Sources */,
				F06D714A2589510B001CC2B5 /* ConfigureIcons.swift in Sources */,
				F06D7146258943E2001CC2B5 /* AlertMessage.swift in Sources */,
				F06D714225894046001CC2B5 /* CurrentWeatherViewModel.swift in Sources */,
				F06D70E72588B181001CC2B5 /* AppDelegate.swift in Sources */,
				F06D710A2588BC4D001CC2B5 /* Hourly.swift in Sources */,
				F06D71062588BA50001CC2B5 /* WeatherResponse.swift in Sources */,
				F06D71442589435B001CC2B5 /* DateFormats.swift in Sources */,
				F0213E56258E94B30011460A /* CurrentView.swift in Sources */,
				F0FA4BB3258AA7B9002CA8D2 /* SetFloatingPanel.swift in Sources */,
				F06D71082588BB3A001CC2B5 /* Currently.swift in Sources */,
				F0213E46258E85870011460A /* DaysTableViewCell.swift in Sources */,
				F0213E3D258E849A0011460A /* Configure.swift in Sources */,
				F0BE6221258B607B0036C73F /* Save.swift in Sources */,
				F06D71182588C452001CC2B5 /* WeatherClient.swift in Sources */,
				F06D714825894611001CC2B5 /* LocationServices.swift in Sources */,
				F06D70E92588B181001CC2B5 /* SceneDelegate.swift in Sources */,
				F0BE621E258B5FC10036C73F /* DocumentsCodes.swift in Sources */,
				F06D710C2588BCC5001CC2B5 /* HourlyWeatherData.swift in Sources */,
				F06D71162588C2A5001CC2B5 /* WeatherRouter.swift in Sources */,
				F0FA4BB1258AA656002CA8D2 /* FloatingPanel+Extension.swift in Sources */,
				F0213E41258E85340011460A /* DetailTableViewCell.swift in Sources */,
				F0BE6223258B613A0036C73F /* Load.swift in Sources */,
				F06D71102588BD83001CC2B5 /* DailyWeatherData.swift in Sources */,
				F06D71202588C72E001CC2B5 /* UIColor+Extensions.swift in Sources */,
				F06D71122588BED8001CC2B5 /* NetworkConstant.swift in Sources */,
				F0FA4BB7258AA8C7002CA8D2 /* ContentViewController.swift in Sources */,
				F097B872258ABA41004C1A16 /* CityTableViewCell.swift in Sources */,
				F0FA4BAF258AA582002CA8D2 /* MyFloatingPanelLayout.swift in Sources */,
				F06D710E2588BD1B001CC2B5 /* Daily.swift in Sources */,
				F0213E50258E86C30011460A /* TableView.swift in Sources */,
				F06D7151258A257D001CC2B5 /* HourlyViewModel.swift in Sources */,
				F097B86A258AB798004C1A16 /* SearchResultTableViewCell.swift in Sources */,
				F06D714D258A241B001CC2B5 /* HourlyCollectionViewCell.swift in Sources */,
			);
			runOnlyForDeploymentPostprocessing = 0;
		};
/* End PBXSourcesBuildPhase section */

/* Begin PBXVariantGroup section */
		F06D70EC2588B181001CC2B5 /* Main.storyboard */ = {
			isa = PBXVariantGroup;
			children = (
				F06D70ED2588B181001CC2B5 /* Base */,
			);
			name = Main.storyboard;
			sourceTree = "<group>";
		};
		F06D70F12588B183001CC2B5 /* LaunchScreen.storyboard */ = {
			isa = PBXVariantGroup;
			children = (
				F06D70F22588B183001CC2B5 /* Base */,
			);
			name = LaunchScreen.storyboard;
			sourceTree = "<group>";
		};
/* End PBXVariantGroup section */

/* Begin XCBuildConfiguration section */
		F06D70F52588B183001CC2B5 /* Debug */ = {
			isa = XCBuildConfiguration;
			buildSettings = {
				ALWAYS_SEARCH_USER_PATHS = NO;
				CLANG_ANALYZER_NONNULL = YES;
				CLANG_ANALYZER_NUMBER_OBJECT_CONVERSION = YES_AGGRESSIVE;
				CLANG_CXX_LANGUAGE_STANDARD = "gnu++14";
				CLANG_CXX_LIBRARY = "libc++";
				CLANG_ENABLE_MODULES = YES;
				CLANG_ENABLE_OBJC_ARC = YES;
				CLANG_ENABLE_OBJC_WEAK = YES;
				CLANG_WARN_BLOCK_CAPTURE_AUTORELEASING = YES;
				CLANG_WARN_BOOL_CONVERSION = YES;
				CLANG_WARN_COMMA = YES;
				CLANG_WARN_CONSTANT_CONVERSION = YES;
				CLANG_WARN_DEPRECATED_OBJC_IMPLEMENTATIONS = YES;
				CLANG_WARN_DIRECT_OBJC_ISA_USAGE = YES_ERROR;
				CLANG_WARN_DOCUMENTATION_COMMENTS = YES;
				CLANG_WARN_EMPTY_BODY = YES;
				CLANG_WARN_ENUM_CONVERSION = YES;
				CLANG_WARN_INFINITE_RECURSION = YES;
				CLANG_WARN_INT_CONVERSION = YES;
				CLANG_WARN_NON_LITERAL_NULL_CONVERSION = YES;
				CLANG_WARN_OBJC_IMPLICIT_RETAIN_SELF = YES;
				CLANG_WARN_OBJC_LITERAL_CONVERSION = YES;
				CLANG_WARN_OBJC_ROOT_CLASS = YES_ERROR;
				CLANG_WARN_RANGE_LOOP_ANALYSIS = YES;
				CLANG_WARN_STRICT_PROTOTYPES = YES;
				CLANG_WARN_SUSPICIOUS_MOVE = YES;
				CLANG_WARN_UNGUARDED_AVAILABILITY = YES_AGGRESSIVE;
				CLANG_WARN_UNREACHABLE_CODE = YES;
				CLANG_WARN__DUPLICATE_METHOD_MATCH = YES;
				COPY_PHASE_STRIP = NO;
				DEBUG_INFORMATION_FORMAT = dwarf;
				ENABLE_STRICT_OBJC_MSGSEND = YES;
				ENABLE_TESTABILITY = YES;
				GCC_C_LANGUAGE_STANDARD = gnu11;
				GCC_DYNAMIC_NO_PIC = NO;
				GCC_NO_COMMON_BLOCKS = YES;
				GCC_OPTIMIZATION_LEVEL = 0;
				GCC_PREPROCESSOR_DEFINITIONS = (
					"DEBUG=1",
					"$(inherited)",
				);
				GCC_WARN_64_TO_32_BIT_CONVERSION = YES;
				GCC_WARN_ABOUT_RETURN_TYPE = YES_ERROR;
				GCC_WARN_UNDECLARED_SELECTOR = YES;
				GCC_WARN_UNINITIALIZED_AUTOS = YES_AGGRESSIVE;
				GCC_WARN_UNUSED_FUNCTION = YES;
				GCC_WARN_UNUSED_VARIABLE = YES;
				IPHONEOS_DEPLOYMENT_TARGET = 13.7;
				MTL_ENABLE_DEBUG_INFO = INCLUDE_SOURCE;
				MTL_FAST_MATH = YES;
				ONLY_ACTIVE_ARCH = YES;
				SDKROOT = iphoneos;
				SWIFT_ACTIVE_COMPILATION_CONDITIONS = DEBUG;
				SWIFT_OPTIMIZATION_LEVEL = "-Onone";
			};
			name = Debug;
		};
		F06D70F62588B183001CC2B5 /* Release */ = {
			isa = XCBuildConfiguration;
			buildSettings = {
				ALWAYS_SEARCH_USER_PATHS = NO;
				CLANG_ANALYZER_NONNULL = YES;
				CLANG_ANALYZER_NUMBER_OBJECT_CONVERSION = YES_AGGRESSIVE;
				CLANG_CXX_LANGUAGE_STANDARD = "gnu++14";
				CLANG_CXX_LIBRARY = "libc++";
				CLANG_ENABLE_MODULES = YES;
				CLANG_ENABLE_OBJC_ARC = YES;
				CLANG_ENABLE_OBJC_WEAK = YES;
				CLANG_WARN_BLOCK_CAPTURE_AUTORELEASING = YES;
				CLANG_WARN_BOOL_CONVERSION = YES;
				CLANG_WARN_COMMA = YES;
				CLANG_WARN_CONSTANT_CONVERSION = YES;
				CLANG_WARN_DEPRECATED_OBJC_IMPLEMENTATIONS = YES;
				CLANG_WARN_DIRECT_OBJC_ISA_USAGE = YES_ERROR;
				CLANG_WARN_DOCUMENTATION_COMMENTS = YES;
				CLANG_WARN_EMPTY_BODY = YES;
				CLANG_WARN_ENUM_CONVERSION = YES;
				CLANG_WARN_INFINITE_RECURSION = YES;
				CLANG_WARN_INT_CONVERSION = YES;
				CLANG_WARN_NON_LITERAL_NULL_CONVERSION = YES;
				CLANG_WARN_OBJC_IMPLICIT_RETAIN_SELF = YES;
				CLANG_WARN_OBJC_LITERAL_CONVERSION = YES;
				CLANG_WARN_OBJC_ROOT_CLASS = YES_ERROR;
				CLANG_WARN_RANGE_LOOP_ANALYSIS = YES;
				CLANG_WARN_STRICT_PROTOTYPES = YES;
				CLANG_WARN_SUSPICIOUS_MOVE = YES;
				CLANG_WARN_UNGUARDED_AVAILABILITY = YES_AGGRESSIVE;
				CLANG_WARN_UNREACHABLE_CODE = YES;
				CLANG_WARN__DUPLICATE_METHOD_MATCH = YES;
				COPY_PHASE_STRIP = NO;
				DEBUG_INFORMATION_FORMAT = "dwarf-with-dsym";
				ENABLE_NS_ASSERTIONS = NO;
				ENABLE_STRICT_OBJC_MSGSEND = YES;
				GCC_C_LANGUAGE_STANDARD = gnu11;
				GCC_NO_COMMON_BLOCKS = YES;
				GCC_WARN_64_TO_32_BIT_CONVERSION = YES;
				GCC_WARN_ABOUT_RETURN_TYPE = YES_ERROR;
				GCC_WARN_UNDECLARED_SELECTOR = YES;
				GCC_WARN_UNINITIALIZED_AUTOS = YES_AGGRESSIVE;
				GCC_WARN_UNUSED_FUNCTION = YES;
				GCC_WARN_UNUSED_VARIABLE = YES;
				IPHONEOS_DEPLOYMENT_TARGET = 13.7;
				MTL_ENABLE_DEBUG_INFO = NO;
				MTL_FAST_MATH = YES;
				SDKROOT = iphoneos;
				SWIFT_COMPILATION_MODE = wholemodule;
				SWIFT_OPTIMIZATION_LEVEL = "-O";
				VALIDATE_PRODUCT = YES;
			};
			name = Release;
		};
		F06D70F82588B183001CC2B5 /* Debug */ = {
			isa = XCBuildConfiguration;
			baseConfigurationReference = 2DAEF5123DFA6ABC717EC38D /* Pods-Weather.debug.xcconfig */;
			buildSettings = {
				ASSETCATALOG_COMPILER_APPICON_NAME = AppIcon;
				CODE_SIGN_STYLE = Automatic;
				DEVELOPMENT_TEAM = 469549YA8R;
				INFOPLIST_FILE = Weather/Info.plist;
				LD_RUNPATH_SEARCH_PATHS = (
					"$(inherited)",
					"@executable_path/Frameworks",
				);
				PRODUCT_BUNDLE_IDENTIFIER = com.Mehmet.Weather;
				PRODUCT_NAME = "$(TARGET_NAME)";
				SWIFT_VERSION = 5.0;
				TARGETED_DEVICE_FAMILY = "1,2";
			};
			name = Debug;
		};
		F06D70F92588B183001CC2B5 /* Release */ = {
			isa = XCBuildConfiguration;
			baseConfigurationReference = 32FDF6B334EAB9B0F2378549 /* Pods-Weather.release.xcconfig */;
			buildSettings = {
				ASSETCATALOG_COMPILER_APPICON_NAME = AppIcon;
				CODE_SIGN_STYLE = Automatic;
				DEVELOPMENT_TEAM = 469549YA8R;
				INFOPLIST_FILE = Weather/Info.plist;
				LD_RUNPATH_SEARCH_PATHS = (
					"$(inherited)",
					"@executable_path/Frameworks",
				);
				PRODUCT_BUNDLE_IDENTIFIER = com.Mehmet.Weather;
				PRODUCT_NAME = "$(TARGET_NAME)";
				SWIFT_VERSION = 5.0;
				TARGETED_DEVICE_FAMILY = "1,2";
			};
			name = Release;
		};
/* End XCBuildConfiguration section */

/* Begin XCConfigurationList section */
		F06D70DE2588B181001CC2B5 /* Build configuration list for PBXProject "Weather" */ = {
			isa = XCConfigurationList;
			buildConfigurations = (
				F06D70F52588B183001CC2B5 /* Debug */,
				F06D70F62588B183001CC2B5 /* Release */,
			);
			defaultConfigurationIsVisible = 0;
			defaultConfigurationName = Release;
		};
		F06D70F72588B183001CC2B5 /* Build configuration list for PBXNativeTarget "Weather" */ = {
			isa = XCConfigurationList;
			buildConfigurations = (
				F06D70F82588B183001CC2B5 /* Debug */,
				F06D70F92588B183001CC2B5 /* Release */,
			);
			defaultConfigurationIsVisible = 0;
			defaultConfigurationName = Release;
		};
/* End XCConfigurationList section */
	};
	rootObject = F06D70DB2588B181001CC2B5 /* Project object */;
}
